
Microsoft Visual Studio Solution File, Format Version 12.00
# Visual Studio Version 16
VisualStudioVersion = 16.0.29905.134
MinimumVisualStudioVersion = 10.0.40219.1
Project("{9A19103F-16F7-4668-BE54-9A1E7A4F7556}") = "Run", "Run\Run.csproj", "{C422F2D5-0D6A-4817-B9F1-E8419109D19E}"
EndProject
Project("{9A19103F-16F7-4668-BE54-9A1E7A4F7556}") = "Map", "Map\Map.csproj", "{D58AC3AC-989C-473C-999D-8ED06C729E34}"
EndProject
Project("{9A19103F-16F7-4668-BE54-9A1E7A4F7556}") = "Configuration1", "Configuration1\Configuration1.csproj", "{F901DBF0-B1AD-48CD-8E32-4E76B4934E51}"
EndProject
Project("{9A19103F-16F7-4668-BE54-9A1E7A4F7556}") = "Configuration2", "Configuration2\Configuration2.csproj", "{58B7249F-DDFC-4F25-9FB6-D327AB0BF681}"
EndProject
Project("{9A19103F-16F7-4668-BE54-9A1E7A4F7556}") = "Memory", "Memory\Memory.csproj", "{01C4B532-8B50-4853-A19E-1FEC46D379BE}"
EndProject
Project("{9A19103F-16F7-4668-BE54-9A1E7A4F7556}") = "JSON", "JSON\JSON.csproj", "{E946F1D0-9150-4712-964F-D9131D8AECB3}"
EndProject
Project("{9A19103F-16F7-4668-BE54-9A1E7A4F7556}") = "GetSection1", "GetSection1\GetSection1.csproj", "{01BC81B6-47BE-447C-9899-7B25EEF56023}"
EndProject
Project("{9A19103F-16F7-4668-BE54-9A1E7A4F7556}") = "GetSection2", "GetSection2\GetSection2.csproj", "{C8D23D24-D773-44C6-9D42-24E4BCE47B9E}"
EndProject
Project("{9A19103F-16F7-4668-BE54-9A1E7A4F7556}") = "Routing", "Routing\Routing.csproj", "{81409B0B-D532-4C94-BAC1-3C807AB95221}"
EndProject
Project("{9A19103F-16F7-4668-BE54-9A1E7A4F7556}") = "Universal", "Universal\Universal.csproj", "{331C4C48-0FA4-445C-8AC9-60546711606F}"
EndProject
Project("{9A19103F-16F7-4668-BE54-9A1E7A4F7556}") = "MVC", "MVC\MVC.csproj", "{04B1FD59-318A-4102-B78E-689E90A89285}"
EndProject
Project("{9A19103F-16F7-4668-BE54-9A1E7A4F7556}") = "StaticFiles", "StaticFiles\StaticFiles.csproj", "{80C85D10-F17C-41D3-8B4D-B6590AED7EB0}"
EndProject
Project("{9A19103F-16F7-4668-BE54-9A1E7A4F7556}") = "PartyInvites", "PartyInvites\PartyInvites.csproj", "{4786E0D5-7C0C-4FF8-9C55-A8EF2C7AB719}"
EndProject
Project("{9A19103F-16F7-4668-BE54-9A1E7A4F7556}") = "LanguageFeatures", "LanguageFeatures\LanguageFeatures.csproj", "{6ECE6BDD-B0EC-492D-BE65-4C8ECBCAA025}"
EndProject
Project("{9A19103F-16F7-4668-BE54-9A1E7A4F7556}") = "WebinarWebApplication", "WebinarWebApplication\WebinarWebApplication.csproj", "{D1ACFF2B-5E88-4B76-BB9D-F754AC78361B}"
EndProject
Project("{9A19103F-16F7-4668-BE54-9A1E7A4F7556}") = "Razor", "Razor\Razor.csproj", "{1F5DBF18-5094-4ED2-B51A-D0F3B57DD20C}"
EndProject
Project("{9A19103F-16F7-4668-BE54-9A1E7A4F7556}") = "MapWhen", "MapWhen\MapWhen.csproj", "{840734EA-3C93-496D-B343-BFCD04818438}"
EndProject
Project("{9A19103F-16F7-4668-BE54-9A1E7A4F7556}") = "Middleware", "Middleware\Middleware.csproj", "{DCE9EEE9-AF41-4D1C-BB1D-A4C3D52D04F2}"
EndProject
Project("{9A19103F-16F7-4668-BE54-9A1E7A4F7556}") = "SetOfFields", "SetOfFields\SetOfFields.csproj", "{DC813D72-F301-4361-AEE9-276A2C4D5852}"
EndProject
Project("{9A19103F-16F7-4668-BE54-9A1E7A4F7556}") = "MultipleClasses", "MultipleClasses\MultipleClasses.csproj", "{18454F21-CEE4-42D4-AE26-F586A122EBB5}"
EndProject
Project("{9A19103F-16F7-4668-BE54-9A1E7A4F7556}") = "CRM Project", "CRM Project\CRM Project.csproj", "{776F1ACC-DC61-4663-8046-9F3E1FDA9C38}"
EndProject
Project("{9A19103F-16F7-4668-BE54-9A1E7A4F7556}") = "OWIN", "OWIN\OWIN.csproj", "{4DC7DAD2-9D0D-4950-8BC2-6A1DBAB76C39}"
EndProject
Project("{9A19103F-16F7-4668-BE54-9A1E7A4F7556}") = "Authentication", "Authentication\Authentication.csproj", "{FA0FE2F9-1457-482B-AB47-6385904AA4F8}"
EndProject
Project("{FAE04EC0-301F-11D3-BF4B-00C04F79EFBC}") = "RolesApp", "RolesApp\RolesApp.csproj", "{65B5E54C-0E9F-47B9-B135-5CDBBC4A4239}"
EndProject
Global
	GlobalSection(SolutionConfigurationPlatforms) = preSolution
		Debug|Any CPU = Debug|Any CPU
		Release|Any CPU = Release|Any CPU
	EndGlobalSection
	GlobalSection(ProjectConfigurationPlatforms) = postSolution
		{C422F2D5-0D6A-4817-B9F1-E8419109D19E}.Debug|Any CPU.ActiveCfg = Debug|Any CPU
		{C422F2D5-0D6A-4817-B9F1-E8419109D19E}.Debug|Any CPU.Build.0 = Debug|Any CPU
		{C422F2D5-0D6A-4817-B9F1-E8419109D19E}.Release|Any CPU.ActiveCfg = Release|Any CPU
		{C422F2D5-0D6A-4817-B9F1-E8419109D19E}.Release|Any CPU.Build.0 = Release|Any CPU
		{D58AC3AC-989C-473C-999D-8ED06C729E34}.Debug|Any CPU.ActiveCfg = Debug|Any CPU
		{D58AC3AC-989C-473C-999D-8ED06C729E34}.Debug|Any CPU.Build.0 = Debug|Any CPU
		{D58AC3AC-989C-473C-999D-8ED06C729E34}.Release|Any CPU.ActiveCfg = Release|Any CPU
		{D58AC3AC-989C-473C-999D-8ED06C729E34}.Release|Any CPU.Build.0 = Release|Any CPU
		{F901DBF0-B1AD-48CD-8E32-4E76B4934E51}.Debug|Any CPU.ActiveCfg = Debug|Any CPU
		{F901DBF0-B1AD-48CD-8E32-4E76B4934E51}.Debug|Any CPU.Build.0 = Debug|Any CPU
		{F901DBF0-B1AD-48CD-8E32-4E76B4934E51}.Release|Any CPU.ActiveCfg = Release|Any CPU
		{F901DBF0-B1AD-48CD-8E32-4E76B4934E51}.Release|Any CPU.Build.0 = Release|Any CPU
		{58B7249F-DDFC-4F25-9FB6-D327AB0BF681}.Debug|Any CPU.ActiveCfg = Debug|Any CPU
		{58B7249F-DDFC-4F25-9FB6-D327AB0BF681}.Debug|Any CPU.Build.0 = Debug|Any CPU
		{58B7249F-DDFC-4F25-9FB6-D327AB0BF681}.Release|Any CPU.ActiveCfg = Release|Any CPU
		{58B7249F-DDFC-4F25-9FB6-D327AB0BF681}.Release|Any CPU.Build.0 = Release|Any CPU
		{01C4B532-8B50-4853-A19E-1FEC46D379BE}.Debug|Any CPU.ActiveCfg = Debug|Any CPU
		{01C4B532-8B50-4853-A19E-1FEC46D379BE}.Debug|Any CPU.Build.0 = Debug|Any CPU
		{01C4B532-8B50-4853-A19E-1FEC46D379BE}.Release|Any CPU.ActiveCfg = Release|Any CPU
		{01C4B532-8B50-4853-A19E-1FEC46D379BE}.Release|Any CPU.Build.0 = Release|Any CPU
		{E946F1D0-9150-4712-964F-D9131D8AECB3}.Debug|Any CPU.ActiveCfg = Debug|Any CPU
		{E946F1D0-9150-4712-964F-D9131D8AECB3}.Debug|Any CPU.Build.0 = Debug|Any CPU
		{E946F1D0-9150-4712-964F-D9131D8AECB3}.Release|Any CPU.ActiveCfg = Release|Any CPU
		{E946F1D0-9150-4712-964F-D9131D8AECB3}.Release|Any CPU.Build.0 = Release|Any CPU
		{01BC81B6-47BE-447C-9899-7B25EEF56023}.Debug|Any CPU.ActiveCfg = Debug|Any CPU
		{01BC81B6-47BE-447C-9899-7B25EEF56023}.Debug|Any CPU.Build.0 = Debug|Any CPU
		{01BC81B6-47BE-447C-9899-7B25EEF56023}.Release|Any CPU.ActiveCfg = Release|Any CPU
		{01BC81B6-47BE-447C-9899-7B25EEF56023}.Release|Any CPU.Build.0 = Release|Any CPU
		{C8D23D24-D773-44C6-9D42-24E4BCE47B9E}.Debug|Any CPU.ActiveCfg = Debug|Any CPU
		{C8D23D24-D773-44C6-9D42-24E4BCE47B9E}.Debug|Any CPU.Build.0 = Debug|Any CPU
		{C8D23D24-D773-44C6-9D42-24E4BCE47B9E}.Release|Any CPU.ActiveCfg = Release|Any CPU
		{C8D23D24-D773-44C6-9D42-24E4BCE47B9E}.Release|Any CPU.Build.0 = Release|Any CPU
		{81409B0B-D532-4C94-BAC1-3C807AB95221}.Debug|Any CPU.ActiveCfg = Debug|Any CPU
		{81409B0B-D532-4C94-BAC1-3C807AB95221}.Debug|Any CPU.Build.0 = Debug|Any CPU
		{81409B0B-D532-4C94-BAC1-3C807AB95221}.Release|Any CPU.ActiveCfg = Release|Any CPU
		{81409B0B-D532-4C94-BAC1-3C807AB95221}.Release|Any CPU.Build.0 = Release|Any CPU
		{331C4C48-0FA4-445C-8AC9-60546711606F}.Debug|Any CPU.ActiveCfg = Debug|Any CPU
		{331C4C48-0FA4-445C-8AC9-60546711606F}.Debug|Any CPU.Build.0 = Debug|Any CPU
		{331C4C48-0FA4-445C-8AC9-60546711606F}.Release|Any CPU.ActiveCfg = Release|Any CPU
		{331C4C48-0FA4-445C-8AC9-60546711606F}.Release|Any CPU.Build.0 = Release|Any CPU
		{04B1FD59-318A-4102-B78E-689E90A89285}.Debug|Any CPU.ActiveCfg = Debug|Any CPU
		{04B1FD59-318A-4102-B78E-689E90A89285}.Debug|Any CPU.Build.0 = Debug|Any CPU
		{04B1FD59-318A-4102-B78E-689E90A89285}.Release|Any CPU.ActiveCfg = Release|Any CPU
		{04B1FD59-318A-4102-B78E-689E90A89285}.Release|Any CPU.Build.0 = Release|Any CPU
		{80C85D10-F17C-41D3-8B4D-B6590AED7EB0}.Debug|Any CPU.ActiveCfg = Debug|Any CPU
		{80C85D10-F17C-41D3-8B4D-B6590AED7EB0}.Debug|Any CPU.Build.0 = Debug|Any CPU
		{80C85D10-F17C-41D3-8B4D-B6590AED7EB0}.Release|Any CPU.ActiveCfg = Release|Any CPU
		{80C85D10-F17C-41D3-8B4D-B6590AED7EB0}.Release|Any CPU.Build.0 = Release|Any CPU
		{4786E0D5-7C0C-4FF8-9C55-A8EF2C7AB719}.Debug|Any CPU.ActiveCfg = Debug|Any CPU
		{4786E0D5-7C0C-4FF8-9C55-A8EF2C7AB719}.Debug|Any CPU.Build.0 = Debug|Any CPU
		{4786E0D5-7C0C-4FF8-9C55-A8EF2C7AB719}.Release|Any CPU.ActiveCfg = Release|Any CPU
		{4786E0D5-7C0C-4FF8-9C55-A8EF2C7AB719}.Release|Any CPU.Build.0 = Release|Any CPU
		{6ECE6BDD-B0EC-492D-BE65-4C8ECBCAA025}.Debug|Any CPU.ActiveCfg = Debug|Any CPU
		{6ECE6BDD-B0EC-492D-BE65-4C8ECBCAA025}.Debug|Any CPU.Build.0 = Debug|Any CPU
		{6ECE6BDD-B0EC-492D-BE65-4C8ECBCAA025}.Release|Any CPU.ActiveCfg = Release|Any CPU
		{6ECE6BDD-B0EC-492D-BE65-4C8ECBCAA025}.Release|Any CPU.Build.0 = Release|Any CPU
		{D1ACFF2B-5E88-4B76-BB9D-F754AC78361B}.Debug|Any CPU.ActiveCfg = Debug|Any CPU
		{D1ACFF2B-5E88-4B76-BB9D-F754AC78361B}.Debug|Any CPU.Build.0 = Debug|Any CPU
		{D1ACFF2B-5E88-4B76-BB9D-F754AC78361B}.Release|Any CPU.ActiveCfg = Release|Any CPU
		{D1ACFF2B-5E88-4B76-BB9D-F754AC78361B}.Release|Any CPU.Build.0 = Release|Any CPU
		{1F5DBF18-5094-4ED2-B51A-D0F3B57DD20C}.Debug|Any CPU.ActiveCfg = Debug|Any CPU
		{1F5DBF18-5094-4ED2-B51A-D0F3B57DD20C}.Debug|Any CPU.Build.0 = Debug|Any CPU
		{1F5DBF18-5094-4ED2-B51A-D0F3B57DD20C}.Release|Any CPU.ActiveCfg = Release|Any CPU
		{1F5DBF18-5094-4ED2-B51A-D0F3B57DD20C}.Release|Any CPU.Build.0 = Release|Any CPU
		{840734EA-3C93-496D-B343-BFCD04818438}.Debug|Any CPU.ActiveCfg = Debug|Any CPU
		{840734EA-3C93-496D-B343-BFCD04818438}.Debug|Any CPU.Build.0 = Debug|Any CPU
		{840734EA-3C93-496D-B343-BFCD04818438}.Release|Any CPU.ActiveCfg = Release|Any CPU
		{840734EA-3C93-496D-B343-BFCD04818438}.Release|Any CPU.Build.0 = Release|Any CPU
		{DCE9EEE9-AF41-4D1C-BB1D-A4C3D52D04F2}.Debug|Any CPU.ActiveCfg = Debug|Any CPU
		{DCE9EEE9-AF41-4D1C-BB1D-A4C3D52D04F2}.Debug|Any CPU.Build.0 = Debug|Any CPU
		{DCE9EEE9-AF41-4D1C-BB1D-A4C3D52D04F2}.Release|Any CPU.ActiveCfg = Release|Any CPU
		{DCE9EEE9-AF41-4D1C-BB1D-A4C3D52D04F2}.Release|Any CPU.Build.0 = Release|Any CPU
		{DC813D72-F301-4361-AEE9-276A2C4D5852}.Debug|Any CPU.ActiveCfg = Debug|Any CPU
		{DC813D72-F301-4361-AEE9-276A2C4D5852}.Debug|Any CPU.Build.0 = Debug|Any CPU
		{DC813D72-F301-4361-AEE9-276A2C4D5852}.Release|Any CPU.ActiveCfg = Release|Any CPU
		{DC813D72-F301-4361-AEE9-276A2C4D5852}.Release|Any CPU.Build.0 = Release|Any CPU
		{18454F21-CEE4-42D4-AE26-F586A122EBB5}.Debug|Any CPU.ActiveCfg = Debug|Any CPU
		{18454F21-CEE4-42D4-AE26-F586A122EBB5}.Debug|Any CPU.Build.0 = Debug|Any CPU
		{18454F21-CEE4-42D4-AE26-F586A122EBB5}.Release|Any CPU.ActiveCfg = Release|Any CPU
		{18454F21-CEE4-42D4-AE26-F586A122EBB5}.Release|Any CPU.Build.0 = Release|Any CPU
		{776F1ACC-DC61-4663-8046-9F3E1FDA9C38}.Debug|Any CPU.ActiveCfg = Debug|Any CPU
		{776F1ACC-DC61-4663-8046-9F3E1FDA9C38}.Debug|Any CPU.Build.0 = Debug|Any CPU
		{776F1ACC-DC61-4663-8046-9F3E1FDA9C38}.Release|Any CPU.ActiveCfg = Release|Any CPU
		{776F1ACC-DC61-4663-8046-9F3E1FDA9C38}.Release|Any CPU.Build.0 = Release|Any CPU
		{4DC7DAD2-9D0D-4950-8BC2-6A1DBAB76C39}.Debug|Any CPU.ActiveCfg = Debug|Any CPU
		{4DC7DAD2-9D0D-4950-8BC2-6A1DBAB76C39}.Debug|Any CPU.Build.0 = Debug|Any CPU
		{4DC7DAD2-9D0D-4950-8BC2-6A1DBAB76C39}.Release|Any CPU.ActiveCfg = Release|Any CPU
		{4DC7DAD2-9D0D-4950-8BC2-6A1DBAB76C39}.Release|Any CPU.Build.0 = Release|Any CPU
		{FA0FE2F9-1457-482B-AB47-6385904AA4F8}.Debug|Any CPU.ActiveCfg = Debug|Any CPU
		{FA0FE2F9-1457-482B-AB47-6385904AA4F8}.Debug|Any CPU.Build.0 = Debug|Any CPU
		{FA0FE2F9-1457-482B-AB47-6385904AA4F8}.Release|Any CPU.ActiveCfg = Release|Any CPU
		{FA0FE2F9-1457-482B-AB47-6385904AA4F8}.Release|Any CPU.Build.0 = Release|Any CPU
		{65B5E54C-0E9F-47B9-B135-5CDBBC4A4239}.Debug|Any CPU.ActiveCfg = Debug|Any CPU
		{65B5E54C-0E9F-47B9-B135-5CDBBC4A4239}.Debug|Any CPU.Build.0 = Debug|Any CPU
		{65B5E54C-0E9F-47B9-B135-5CDBBC4A4239}.Release|Any CPU.ActiveCfg = Release|Any CPU
		{65B5E54C-0E9F-47B9-B135-5CDBBC4A4239}.Release|Any CPU.Build.0 = Release|Any CPU
	EndGlobalSection
	GlobalSection(SolutionProperties) = preSolution
		HideSolutionNode = FALSE
	EndGlobalSection
	GlobalSection(ExtensibilityGlobals) = postSolution
		SolutionGuid = {35FE0C89-6F27-407D-91EB-BB1D66A1D883}
	EndGlobalSection
EndGlobal
