
Microsoft Visual Studio Solution File, Format Version 12.00
# Visual Studio 15
VisualStudioVersion = 15.0.28307.438
MinimumVisualStudioVersion = 10.0.40219.1
Project("{9A19103F-16F7-4668-BE54-9A1E7A4F7556}") = "Run", "Run\Run.csproj", "{C422F2D5-0D6A-4817-B9F1-E8419109D19E}"
EndProject
Project("{9A19103F-16F7-4668-BE54-9A1E7A4F7556}") = "Map", "Map\Map.csproj", "{D58AC3AC-989C-473C-999D-8ED06C729E34}"
EndProject
Project("{9A19103F-16F7-4668-BE54-9A1E7A4F7556}") = "Configuration1", "Configuration1\Configuration1.csproj", "{F901DBF0-B1AD-48CD-8E32-4E76B4934E51}"
EndProject
Project("{9A19103F-16F7-4668-BE54-9A1E7A4F7556}") = "Configuration2", "Configuration2\Configuration2.csproj", "{58B7249F-DDFC-4F25-9FB6-D327AB0BF681}"
EndProject
Project("{9A19103F-16F7-4668-BE54-9A1E7A4F7556}") = "Memory", "Memory\Memory.csproj", "{01C4B532-8B50-4853-A19E-1FEC46D379BE}"
EndProject
Project("{9A19103F-16F7-4668-BE54-9A1E7A4F7556}") = "JSON", "JSON\JSON.csproj", "{E946F1D0-9150-4712-964F-D9131D8AECB3}"
EndProject
Project("{9A19103F-16F7-4668-BE54-9A1E7A4F7556}") = "GetSection1", "GetSection1\GetSection1.csproj", "{01BC81B6-47BE-447C-9899-7B25EEF56023}"
EndProject
Project("{9A19103F-16F7-4668-BE54-9A1E7A4F7556}") = "GetSection2", "GetSection2\GetSection2.csproj", "{C8D23D24-D773-44C6-9D42-24E4BCE47B9E}"
EndProject
Project("{9A19103F-16F7-4668-BE54-9A1E7A4F7556}") = "Routing", "Routing\Routing.csproj", "{81409B0B-D532-4C94-BAC1-3C807AB95221}"
EndProject
Project("{9A19103F-16F7-4668-BE54-9A1E7A4F7556}") = "Universal", "Universal\Universal.csproj", "{331C4C48-0FA4-445C-8AC9-60546711606F}"
EndProject
Project("{9A19103F-16F7-4668-BE54-9A1E7A4F7556}") = "MVC", "MVC\MVC.csproj", "{04B1FD59-318A-4102-B78E-689E90A89285}"
EndProject
Project("{9A19103F-16F7-4668-BE54-9A1E7A4F7556}") = "Models1", "Models1\Models1.csproj", "{DF34A676-291E-4376-B4A9-7475EF825786}"
EndProject
Project("{9A19103F-16F7-4668-BE54-9A1E7A4F7556}") = "StaticFiles", "StaticFiles\StaticFiles.csproj", "{80C85D10-F17C-41D3-8B4D-B6590AED7EB0}"
EndProject
Project("{9A19103F-16F7-4668-BE54-9A1E7A4F7556}") = "PartyInvites", "PartyInvites\PartyInvites.csproj", "{4786E0D5-7C0C-4FF8-9C55-A8EF2C7AB719}"
EndProject
Project("{9A19103F-16F7-4668-BE54-9A1E7A4F7556}") = "LanguageFeatures", "LanguageFeatures\LanguageFeatures.csproj", "{6ECE6BDD-B0EC-492D-BE65-4C8ECBCAA025}"
EndProject
Project("{FAE04EC0-301F-11D3-BF4B-00C04F79EFBC}") = "WebinarWebApplication", "WebinarWebApplication\WebinarWebApplication.csproj", "{D1ACFF2B-5E88-4B76-BB9D-F754AC78361B}"
EndProject
Global
	GlobalSection(SolutionConfigurationPlatforms) = preSolution
		Debug|Any CPU = Debug|Any CPU
		Release|Any CPU = Release|Any CPU
	EndGlobalSection
	GlobalSection(ProjectConfigurationPlatforms) = postSolution
		{C422F2D5-0D6A-4817-B9F1-E8419109D19E}.Debug|Any CPU.ActiveCfg = Debug|Any CPU
		{C422F2D5-0D6A-4817-B9F1-E8419109D19E}.Debug|Any CPU.Build.0 = Debug|Any CPU
		{C422F2D5-0D6A-4817-B9F1-E8419109D19E}.Release|Any CPU.ActiveCfg = Release|Any CPU
		{C422F2D5-0D6A-4817-B9F1-E8419109D19E}.Release|Any CPU.Build.0 = Release|Any CPU
		{D58AC3AC-989C-473C-999D-8ED06C729E34}.Debug|Any CPU.ActiveCfg = Debug|Any CPU
		{D58AC3AC-989C-473C-999D-8ED06C729E34}.Debug|Any CPU.Build.0 = Debug|Any CPU
		{D58AC3AC-989C-473C-999D-8ED06C729E34}.Release|Any CPU.ActiveCfg = Release|Any CPU
		{D58AC3AC-989C-473C-999D-8ED06C729E34}.Release|Any CPU.Build.0 = Release|Any CPU
		{F901DBF0-B1AD-48CD-8E32-4E76B4934E51}.Debug|Any CPU.ActiveCfg = Debug|Any CPU
		{F901DBF0-B1AD-48CD-8E32-4E76B4934E51}.Debug|Any CPU.Build.0 = Debug|Any CPU
		{F901DBF0-B1AD-48CD-8E32-4E76B4934E51}.Release|Any CPU.ActiveCfg = Release|Any CPU
		{F901DBF0-B1AD-48CD-8E32-4E76B4934E51}.Release|Any CPU.Build.0 = Release|Any CPU
		{58B7249F-DDFC-4F25-9FB6-D327AB0BF681}.Debug|Any CPU.ActiveCfg = Debug|Any CPU
		{58B7249F-DDFC-4F25-9FB6-D327AB0BF681}.Debug|Any CPU.Build.0 = Debug|Any CPU
		{58B7249F-DDFC-4F25-9FB6-D327AB0BF681}.Release|Any CPU.ActiveCfg = Release|Any CPU
		{58B7249F-DDFC-4F25-9FB6-D327AB0BF681}.Release|Any CPU.Build.0 = Release|Any CPU
		{01C4B532-8B50-4853-A19E-1FEC46D379BE}.Debug|Any CPU.ActiveCfg = Debug|Any CPU
		{01C4B532-8B50-4853-A19E-1FEC46D379BE}.Debug|Any CPU.Build.0 = Debug|Any CPU
		{01C4B532-8B50-4853-A19E-1FEC46D379BE}.Release|Any CPU.ActiveCfg = Release|Any CPU
		{01C4B532-8B50-4853-A19E-1FEC46D379BE}.Release|Any CPU.Build.0 = Release|Any CPU
		{E946F1D0-9150-4712-964F-D9131D8AECB3}.Debug|Any CPU.ActiveCfg = Debug|Any CPU
		{E946F1D0-9150-4712-964F-D9131D8AECB3}.Debug|Any CPU.Build.0 = Debug|Any CPU
		{E946F1D0-9150-4712-964F-D9131D8AECB3}.Release|Any CPU.ActiveCfg = Release|Any CPU
		{E946F1D0-9150-4712-964F-D9131D8AECB3}.Release|Any CPU.Build.0 = Release|Any CPU
		{01BC81B6-47BE-447C-9899-7B25EEF56023}.Debug|Any CPU.ActiveCfg = Debug|Any CPU
		{01BC81B6-47BE-447C-9899-7B25EEF56023}.Debug|Any CPU.Build.0 = Debug|Any CPU
		{01BC81B6-47BE-447C-9899-7B25EEF56023}.Release|Any CPU.ActiveCfg = Release|Any CPU
		{01BC81B6-47BE-447C-9899-7B25EEF56023}.Release|Any CPU.Build.0 = Release|Any CPU
		{C8D23D24-D773-44C6-9D42-24E4BCE47B9E}.Debug|Any CPU.ActiveCfg = Debug|Any CPU
		{C8D23D24-D773-44C6-9D42-24E4BCE47B9E}.Debug|Any CPU.Build.0 = Debug|Any CPU
		{C8D23D24-D773-44C6-9D42-24E4BCE47B9E}.Release|Any CPU.ActiveCfg = Release|Any CPU
		{C8D23D24-D773-44C6-9D42-24E4BCE47B9E}.Release|Any CPU.Build.0 = Release|Any CPU
		{81409B0B-D532-4C94-BAC1-3C807AB95221}.Debug|Any CPU.ActiveCfg = Debug|Any CPU
		{81409B0B-D532-4C94-BAC1-3C807AB95221}.Debug|Any CPU.Build.0 = Debug|Any CPU
		{81409B0B-D532-4C94-BAC1-3C807AB95221}.Release|Any CPU.ActiveCfg = Release|Any CPU
		{81409B0B-D532-4C94-BAC1-3C807AB95221}.Release|Any CPU.Build.0 = Release|Any CPU
		{331C4C48-0FA4-445C-8AC9-60546711606F}.Debug|Any CPU.ActiveCfg = Debug|Any CPU
		{331C4C48-0FA4-445C-8AC9-60546711606F}.Debug|Any CPU.Build.0 = Debug|Any CPU
		{331C4C48-0FA4-445C-8AC9-60546711606F}.Release|Any CPU.ActiveCfg = Release|Any CPU
		{331C4C48-0FA4-445C-8AC9-60546711606F}.Release|Any CPU.Build.0 = Release|Any CPU
		{04B1FD59-318A-4102-B78E-689E90A89285}.Debug|Any CPU.ActiveCfg = Debug|Any CPU
		{04B1FD59-318A-4102-B78E-689E90A89285}.Debug|Any CPU.Build.0 = Debug|Any CPU
		{04B1FD59-318A-4102-B78E-689E90A89285}.Release|Any CPU.ActiveCfg = Release|Any CPU
		{04B1FD59-318A-4102-B78E-689E90A89285}.Release|Any CPU.Build.0 = Release|Any CPU
		{DF34A676-291E-4376-B4A9-7475EF825786}.Debug|Any CPU.ActiveCfg = Debug|Any CPU
		{DF34A676-291E-4376-B4A9-7475EF825786}.Debug|Any CPU.Build.0 = Debug|Any CPU
		{DF34A676-291E-4376-B4A9-7475EF825786}.Release|Any CPU.ActiveCfg = Release|Any CPU
		{DF34A676-291E-4376-B4A9-7475EF825786}.Release|Any CPU.Build.0 = Release|Any CPU
		{80C85D10-F17C-41D3-8B4D-B6590AED7EB0}.Debug|Any CPU.ActiveCfg = Debug|Any CPU
		{80C85D10-F17C-41D3-8B4D-B6590AED7EB0}.Debug|Any CPU.Build.0 = Debug|Any CPU
		{80C85D10-F17C-41D3-8B4D-B6590AED7EB0}.Release|Any CPU.ActiveCfg = Release|Any CPU
		{80C85D10-F17C-41D3-8B4D-B6590AED7EB0}.Release|Any CPU.Build.0 = Release|Any CPU
		{4786E0D5-7C0C-4FF8-9C55-A8EF2C7AB719}.Debug|Any CPU.ActiveCfg = Debug|Any CPU
		{4786E0D5-7C0C-4FF8-9C55-A8EF2C7AB719}.Debug|Any CPU.Build.0 = Debug|Any CPU
		{4786E0D5-7C0C-4FF8-9C55-A8EF2C7AB719}.Release|Any CPU.ActiveCfg = Release|Any CPU
		{4786E0D5-7C0C-4FF8-9C55-A8EF2C7AB719}.Release|Any CPU.Build.0 = Release|Any CPU
		{6ECE6BDD-B0EC-492D-BE65-4C8ECBCAA025}.Debug|Any CPU.ActiveCfg = Debug|Any CPU
		{6ECE6BDD-B0EC-492D-BE65-4C8ECBCAA025}.Debug|Any CPU.Build.0 = Debug|Any CPU
		{6ECE6BDD-B0EC-492D-BE65-4C8ECBCAA025}.Release|Any CPU.ActiveCfg = Release|Any CPU
		{6ECE6BDD-B0EC-492D-BE65-4C8ECBCAA025}.Release|Any CPU.Build.0 = Release|Any CPU
		{D1ACFF2B-5E88-4B76-BB9D-F754AC78361B}.Debug|Any CPU.ActiveCfg = Debug|Any CPU
		{D1ACFF2B-5E88-4B76-BB9D-F754AC78361B}.Debug|Any CPU.Build.0 = Debug|Any CPU
		{D1ACFF2B-5E88-4B76-BB9D-F754AC78361B}.Release|Any CPU.ActiveCfg = Release|Any CPU
		{D1ACFF2B-5E88-4B76-BB9D-F754AC78361B}.Release|Any CPU.Build.0 = Release|Any CPU
	EndGlobalSection
	GlobalSection(SolutionProperties) = preSolution
		HideSolutionNode = FALSE
	EndGlobalSection
	GlobalSection(ExtensibilityGlobals) = postSolution
		SolutionGuid = {35FE0C89-6F27-407D-91EB-BB1D66A1D883}
	EndGlobalSection
EndGlobal
